
Microsoft Visual Studio Solution File, Format Version 12.00
# Visual Studio Version 16
VisualStudioVersion = 16.0.30204.135
MinimumVisualStudioVersion = 10.0.40219.1
Project("{9A19103F-16F7-4668-BE54-9A1E7A4F7556}") = "HPorvenir.Web.Api", "HPorvenir.Web.Api\HPorvenir.Web.Api.csproj", "{8B808B35-4F18-4AB9-87F8-12EE2C44FCBD}"
EndProject
Project("{9A19103F-16F7-4668-BE54-9A1E7A4F7556}") = "HPorvenir.Blob", "HPorvenir.Blob\HPorvenir.Blob.csproj", "{F2D27D06-C295-4BEA-AD68-0B5ADFD330DD}"
EndProject
Project("{9A19103F-16F7-4668-BE54-9A1E7A4F7556}") = "HPorvenir.Storage", "HPorvenir.Storage\HPorvenir.Storage.csproj", "{9E0F4EC2-281C-4D41-956A-A74BB5AAE01E}"
EndProject
Project("{9A19103F-16F7-4668-BE54-9A1E7A4F7556}") = "HPorvenir.Core", "HPorvenir.Core\HPorvenir.Core.csproj", "{34774000-EA79-442B-A0AC-084D5B6B9383}"
EndProject
Project("{FAE04EC0-301F-11D3-BF4B-00C04F79EFBC}") = "HPorvenir.Navegation", "HPorvenir.Navegation\HPorvenir.Navegation.csproj", "{36B5C221-D6E2-4AF3-9362-75864C4EB377}"
EndProject
Global
	GlobalSection(SolutionConfigurationPlatforms) = preSolution
		Debug|Any CPU = Debug|Any CPU
		Release|Any CPU = Release|Any CPU
	EndGlobalSection
	GlobalSection(ProjectConfigurationPlatforms) = postSolution
		{8B808B35-4F18-4AB9-87F8-12EE2C44FCBD}.Debug|Any CPU.ActiveCfg = Debug|Any CPU
		{8B808B35-4F18-4AB9-87F8-12EE2C44FCBD}.Debug|Any CPU.Build.0 = Debug|Any CPU
		{8B808B35-4F18-4AB9-87F8-12EE2C44FCBD}.Release|Any CPU.ActiveCfg = Release|Any CPU
		{8B808B35-4F18-4AB9-87F8-12EE2C44FCBD}.Release|Any CPU.Build.0 = Release|Any CPU
		{F2D27D06-C295-4BEA-AD68-0B5ADFD330DD}.Debug|Any CPU.ActiveCfg = Debug|Any CPU
		{F2D27D06-C295-4BEA-AD68-0B5ADFD330DD}.Debug|Any CPU.Build.0 = Debug|Any CPU
		{F2D27D06-C295-4BEA-AD68-0B5ADFD330DD}.Release|Any CPU.ActiveCfg = Release|Any CPU
		{F2D27D06-C295-4BEA-AD68-0B5ADFD330DD}.Release|Any CPU.Build.0 = Release|Any CPU
		{9E0F4EC2-281C-4D41-956A-A74BB5AAE01E}.Debug|Any CPU.ActiveCfg = Debug|Any CPU
		{9E0F4EC2-281C-4D41-956A-A74BB5AAE01E}.Debug|Any CPU.Build.0 = Debug|Any CPU
		{9E0F4EC2-281C-4D41-956A-A74BB5AAE01E}.Release|Any CPU.ActiveCfg = Release|Any CPU
		{9E0F4EC2-281C-4D41-956A-A74BB5AAE01E}.Release|Any CPU.Build.0 = Release|Any CPU
		{34774000-EA79-442B-A0AC-084D5B6B9383}.Debug|Any CPU.ActiveCfg = Debug|Any CPU
		{34774000-EA79-442B-A0AC-084D5B6B9383}.Debug|Any CPU.Build.0 = Debug|Any CPU
		{34774000-EA79-442B-A0AC-084D5B6B9383}.Release|Any CPU.ActiveCfg = Release|Any CPU
		{34774000-EA79-442B-A0AC-084D5B6B9383}.Release|Any CPU.Build.0 = Release|Any CPU
		{36B5C221-D6E2-4AF3-9362-75864C4EB377}.Debug|Any CPU.ActiveCfg = Debug|Any CPU
		{36B5C221-D6E2-4AF3-9362-75864C4EB377}.Debug|Any CPU.Build.0 = Debug|Any CPU
		{36B5C221-D6E2-4AF3-9362-75864C4EB377}.Release|Any CPU.ActiveCfg = Release|Any CPU
		{36B5C221-D6E2-4AF3-9362-75864C4EB377}.Release|Any CPU.Build.0 = Release|Any CPU
	EndGlobalSection
	GlobalSection(SolutionProperties) = preSolution
		HideSolutionNode = FALSE
	EndGlobalSection
	GlobalSection(ExtensibilityGlobals) = postSolution
		SolutionGuid = {32D305BC-3E0D-448E-90F6-B769B7DBFF45}
	EndGlobalSection
EndGlobal
