
Microsoft Visual Studio Solution File, Format Version 12.00
# Visual Studio Version 16
VisualStudioVersion = 16.0.30204.135
MinimumVisualStudioVersion = 10.0.40219.1
Project("{9A19103F-16F7-4668-BE54-9A1E7A4F7556}") = "HPorvenir.Web.Api", "HPorvenir.Web.Api\HPorvenir.Web.Api.csproj", "{8B808B35-4F18-4AB9-87F8-12EE2C44FCBD}"
EndProject
Project("{9A19103F-16F7-4668-BE54-9A1E7A4F7556}") = "HPorvenir.Blob", "HPorvenir.Blob\HPorvenir.Blob.csproj", "{F2D27D06-C295-4BEA-AD68-0B5ADFD330DD}"
EndProject
Project("{9A19103F-16F7-4668-BE54-9A1E7A4F7556}") = "HPorvenir.Storage", "HPorvenir.Storage\HPorvenir.Storage.csproj", "{9E0F4EC2-281C-4D41-956A-A74BB5AAE01E}"
EndProject
Project("{9A19103F-16F7-4668-BE54-9A1E7A4F7556}") = "HPorvenir.Core", "HPorvenir.Core\HPorvenir.Core.csproj", "{34774000-EA79-442B-A0AC-084D5B6B9383}"
EndProject
Project("{9A19103F-16F7-4668-BE54-9A1E7A4F7556}") = "HPorvenir.Navegation", "HPorvenir.Navegation\HPorvenir.Navegation.csproj", "{36B5C221-D6E2-4AF3-9362-75864C4EB377}"
EndProject
Project("{9A19103F-16F7-4668-BE54-9A1E7A4F7556}") = "HPorvenir.Tiff2PDF", "HPorvenir.Tiff2PDF\HPorvenir.Tiff2PDF.csproj", "{FA54FE93-B151-4A1D-8288-70B907784A8C}"
EndProject
Project("{9A19103F-16F7-4668-BE54-9A1E7A4F7556}") = "HPorvenir.Model", "HPorvenir.Model\HPorvenir.Model.csproj", "{6D3CAD2A-5083-4543-A029-40ECD687C23B}"
EndProject
Project("{FAE04EC0-301F-11D3-BF4B-00C04F79EFBC}") = "legacydecript", "legacydecript\legacydecript.csproj", "{D53BBC23-4DB0-44E1-B385-37F2FADC45D2}"
EndProject
Project("{9A19103F-16F7-4668-BE54-9A1E7A4F7556}") = "Hporvenir.Indexer", "Hporvenir.Indexer\Hporvenir.Indexer.csproj", "{6A732C85-C755-4DDC-AFE6-5C1F081F128A}"
EndProject
Project("{9A19103F-16F7-4668-BE54-9A1E7A4F7556}") = "HPorvenir.Elastic", "HPorvenir.Elastic\HPorvenir.Elastic.csproj", "{531A7BFC-8DA5-4FAC-9BBA-F8D23A0CAAE7}"
EndProject
Project("{9A19103F-16F7-4668-BE54-9A1E7A4F7556}") = "HPorvenir.Parser", "HPorvenir.Parser\HPorvenir.Parser.csproj", "{4A276F6E-ED10-4309-A0F7-916EA5020642}"
EndProject
Project("{9A19103F-16F7-4668-BE54-9A1E7A4F7556}") = "HPorvenir.Document", "HPorvenir.Document\HPorvenir.Document.csproj", "{EF4CC9BB-4E56-444F-8EDA-212C08EA40D8}"
EndProject
Project("{9A19103F-16F7-4668-BE54-9A1E7A4F7556}") = "sandbox", "sandbox\sandbox.csproj", "{609DC932-37D4-4DC6-91D3-0E17D13F4BEC}"
EndProject
Project("{9A19103F-16F7-4668-BE54-9A1E7A4F7556}") = "HPorvenir.DAL", "HPorvenir.DAL\HPorvenir.DAL.csproj", "{2FE2D136-0637-4417-8115-EF0EE8645186}"
EndProject
Project("{9A19103F-16F7-4668-BE54-9A1E7A4F7556}") = "HPorvenir.Authentication", "HPorvenir.Authentication\HPorvenir.Authentication.csproj", "{217F5A2D-B1AA-466A-B88B-BA42643110DB}"
EndProject
Project("{FAE04EC0-301F-11D3-BF4B-00C04F79EFBC}") = "HPorvenir.User.DAL", "HPorvenir.User.DAL\HPorvenir.User.DAL.csproj", "{62CF97E7-D069-45C6-96D2-55F834880E25}"
EndProject
Global
	GlobalSection(SolutionConfigurationPlatforms) = preSolution
		Debug|Any CPU = Debug|Any CPU
		Release|Any CPU = Release|Any CPU
	EndGlobalSection
	GlobalSection(ProjectConfigurationPlatforms) = postSolution
		{8B808B35-4F18-4AB9-87F8-12EE2C44FCBD}.Debug|Any CPU.ActiveCfg = Debug|Any CPU
		{8B808B35-4F18-4AB9-87F8-12EE2C44FCBD}.Debug|Any CPU.Build.0 = Debug|Any CPU
		{8B808B35-4F18-4AB9-87F8-12EE2C44FCBD}.Release|Any CPU.ActiveCfg = Release|Any CPU
		{8B808B35-4F18-4AB9-87F8-12EE2C44FCBD}.Release|Any CPU.Build.0 = Release|Any CPU
		{F2D27D06-C295-4BEA-AD68-0B5ADFD330DD}.Debug|Any CPU.ActiveCfg = Debug|Any CPU
		{F2D27D06-C295-4BEA-AD68-0B5ADFD330DD}.Debug|Any CPU.Build.0 = Debug|Any CPU
		{F2D27D06-C295-4BEA-AD68-0B5ADFD330DD}.Release|Any CPU.ActiveCfg = Release|Any CPU
		{F2D27D06-C295-4BEA-AD68-0B5ADFD330DD}.Release|Any CPU.Build.0 = Release|Any CPU
		{9E0F4EC2-281C-4D41-956A-A74BB5AAE01E}.Debug|Any CPU.ActiveCfg = Debug|Any CPU
		{9E0F4EC2-281C-4D41-956A-A74BB5AAE01E}.Debug|Any CPU.Build.0 = Debug|Any CPU
		{9E0F4EC2-281C-4D41-956A-A74BB5AAE01E}.Release|Any CPU.ActiveCfg = Release|Any CPU
		{9E0F4EC2-281C-4D41-956A-A74BB5AAE01E}.Release|Any CPU.Build.0 = Release|Any CPU
		{34774000-EA79-442B-A0AC-084D5B6B9383}.Debug|Any CPU.ActiveCfg = Debug|Any CPU
		{34774000-EA79-442B-A0AC-084D5B6B9383}.Debug|Any CPU.Build.0 = Debug|Any CPU
		{34774000-EA79-442B-A0AC-084D5B6B9383}.Release|Any CPU.ActiveCfg = Release|Any CPU
		{34774000-EA79-442B-A0AC-084D5B6B9383}.Release|Any CPU.Build.0 = Release|Any CPU
		{36B5C221-D6E2-4AF3-9362-75864C4EB377}.Debug|Any CPU.ActiveCfg = Debug|Any CPU
		{36B5C221-D6E2-4AF3-9362-75864C4EB377}.Debug|Any CPU.Build.0 = Debug|Any CPU
		{36B5C221-D6E2-4AF3-9362-75864C4EB377}.Release|Any CPU.ActiveCfg = Release|Any CPU
		{36B5C221-D6E2-4AF3-9362-75864C4EB377}.Release|Any CPU.Build.0 = Release|Any CPU
		{FA54FE93-B151-4A1D-8288-70B907784A8C}.Debug|Any CPU.ActiveCfg = Debug|Any CPU
		{FA54FE93-B151-4A1D-8288-70B907784A8C}.Debug|Any CPU.Build.0 = Debug|Any CPU
		{FA54FE93-B151-4A1D-8288-70B907784A8C}.Release|Any CPU.ActiveCfg = Release|Any CPU
		{FA54FE93-B151-4A1D-8288-70B907784A8C}.Release|Any CPU.Build.0 = Release|Any CPU
		{6D3CAD2A-5083-4543-A029-40ECD687C23B}.Debug|Any CPU.ActiveCfg = Debug|Any CPU
		{6D3CAD2A-5083-4543-A029-40ECD687C23B}.Debug|Any CPU.Build.0 = Debug|Any CPU
		{6D3CAD2A-5083-4543-A029-40ECD687C23B}.Release|Any CPU.ActiveCfg = Release|Any CPU
		{6D3CAD2A-5083-4543-A029-40ECD687C23B}.Release|Any CPU.Build.0 = Release|Any CPU
		{D53BBC23-4DB0-44E1-B385-37F2FADC45D2}.Debug|Any CPU.ActiveCfg = Debug|Any CPU
		{D53BBC23-4DB0-44E1-B385-37F2FADC45D2}.Debug|Any CPU.Build.0 = Debug|Any CPU
		{D53BBC23-4DB0-44E1-B385-37F2FADC45D2}.Release|Any CPU.ActiveCfg = Release|Any CPU
		{D53BBC23-4DB0-44E1-B385-37F2FADC45D2}.Release|Any CPU.Build.0 = Release|Any CPU
		{6A732C85-C755-4DDC-AFE6-5C1F081F128A}.Debug|Any CPU.ActiveCfg = Debug|Any CPU
		{6A732C85-C755-4DDC-AFE6-5C1F081F128A}.Debug|Any CPU.Build.0 = Debug|Any CPU
		{6A732C85-C755-4DDC-AFE6-5C1F081F128A}.Release|Any CPU.ActiveCfg = Release|Any CPU
		{6A732C85-C755-4DDC-AFE6-5C1F081F128A}.Release|Any CPU.Build.0 = Release|Any CPU
		{531A7BFC-8DA5-4FAC-9BBA-F8D23A0CAAE7}.Debug|Any CPU.ActiveCfg = Debug|Any CPU
		{531A7BFC-8DA5-4FAC-9BBA-F8D23A0CAAE7}.Debug|Any CPU.Build.0 = Debug|Any CPU
		{531A7BFC-8DA5-4FAC-9BBA-F8D23A0CAAE7}.Release|Any CPU.ActiveCfg = Release|Any CPU
		{531A7BFC-8DA5-4FAC-9BBA-F8D23A0CAAE7}.Release|Any CPU.Build.0 = Release|Any CPU
		{4A276F6E-ED10-4309-A0F7-916EA5020642}.Debug|Any CPU.ActiveCfg = Debug|Any CPU
		{4A276F6E-ED10-4309-A0F7-916EA5020642}.Debug|Any CPU.Build.0 = Debug|Any CPU
		{4A276F6E-ED10-4309-A0F7-916EA5020642}.Release|Any CPU.ActiveCfg = Release|Any CPU
		{4A276F6E-ED10-4309-A0F7-916EA5020642}.Release|Any CPU.Build.0 = Release|Any CPU
		{EF4CC9BB-4E56-444F-8EDA-212C08EA40D8}.Debug|Any CPU.ActiveCfg = Debug|Any CPU
		{EF4CC9BB-4E56-444F-8EDA-212C08EA40D8}.Debug|Any CPU.Build.0 = Debug|Any CPU
		{EF4CC9BB-4E56-444F-8EDA-212C08EA40D8}.Release|Any CPU.ActiveCfg = Release|Any CPU
		{EF4CC9BB-4E56-444F-8EDA-212C08EA40D8}.Release|Any CPU.Build.0 = Release|Any CPU
		{609DC932-37D4-4DC6-91D3-0E17D13F4BEC}.Debug|Any CPU.ActiveCfg = Debug|Any CPU
		{609DC932-37D4-4DC6-91D3-0E17D13F4BEC}.Debug|Any CPU.Build.0 = Debug|Any CPU
		{609DC932-37D4-4DC6-91D3-0E17D13F4BEC}.Release|Any CPU.ActiveCfg = Release|Any CPU
		{609DC932-37D4-4DC6-91D3-0E17D13F4BEC}.Release|Any CPU.Build.0 = Release|Any CPU
		{2FE2D136-0637-4417-8115-EF0EE8645186}.Debug|Any CPU.ActiveCfg = Debug|Any CPU
		{2FE2D136-0637-4417-8115-EF0EE8645186}.Debug|Any CPU.Build.0 = Debug|Any CPU
		{2FE2D136-0637-4417-8115-EF0EE8645186}.Release|Any CPU.ActiveCfg = Release|Any CPU
		{2FE2D136-0637-4417-8115-EF0EE8645186}.Release|Any CPU.Build.0 = Release|Any CPU
		{217F5A2D-B1AA-466A-B88B-BA42643110DB}.Debug|Any CPU.ActiveCfg = Debug|Any CPU
		{217F5A2D-B1AA-466A-B88B-BA42643110DB}.Debug|Any CPU.Build.0 = Debug|Any CPU
		{217F5A2D-B1AA-466A-B88B-BA42643110DB}.Release|Any CPU.ActiveCfg = Release|Any CPU
		{217F5A2D-B1AA-466A-B88B-BA42643110DB}.Release|Any CPU.Build.0 = Release|Any CPU
		{62CF97E7-D069-45C6-96D2-55F834880E25}.Debug|Any CPU.ActiveCfg = Debug|Any CPU
		{62CF97E7-D069-45C6-96D2-55F834880E25}.Debug|Any CPU.Build.0 = Debug|Any CPU
		{62CF97E7-D069-45C6-96D2-55F834880E25}.Release|Any CPU.ActiveCfg = Release|Any CPU
		{62CF97E7-D069-45C6-96D2-55F834880E25}.Release|Any CPU.Build.0 = Release|Any CPU
	EndGlobalSection
	GlobalSection(SolutionProperties) = preSolution
		HideSolutionNode = FALSE
	EndGlobalSection
	GlobalSection(ExtensibilityGlobals) = postSolution
		SolutionGuid = {32D305BC-3E0D-448E-90F6-B769B7DBFF45}
	EndGlobalSection
EndGlobal
